
Microsoft Visual Studio Solution File, Format Version 12.00
# Visual Studio Version 17
VisualStudioVersion = 17.0.31903.59
MinimumVisualStudioVersion = 10.0.40219.1
Project("{FAE04EC0-301F-11D3-BF4B-00C04F79EFBC}") = "BuberDinner.Api", "BuberDinner.Api\BuberDinner.Api.csproj", "{91EECC48-4608-43FA-B1B0-2B98224D8875}"
EndProject
Project("{FAE04EC0-301F-11D3-BF4B-00C04F79EFBC}") = "BuberDinner.Contracts", "BuberDinner.Contracts\BuberDinner.Contracts.csproj", "{6DBF87AE-CD5D-40E1-96E5-5DF923823E5E}"
EndProject
Project("{FAE04EC0-301F-11D3-BF4B-00C04F79EFBC}") = "BuberDinner.Infraestructure", "BuberDinner.Infraestructure\BuberDinner.Infraestructure.csproj", "{CB026487-FACC-407C-81BE-AE278356E571}"
EndProject
Project("{FAE04EC0-301F-11D3-BF4B-00C04F79EFBC}") = "BuberDinner.Application", "BuberDinner.Application\BuberDinner.Application.csproj", "{E71882CA-9955-419F-830E-77D859CCC890}"
EndProject
Project("{FAE04EC0-301F-11D3-BF4B-00C04F79EFBC}") = "BuberDinner.Domain", "BuberDinner.Domain\BuberDinner.Domain.csproj", "{2637CF7F-4558-4C3A-B152-6EEBA29D7777}"
EndProject
Global
	GlobalSection(SolutionConfigurationPlatforms) = preSolution
		Debug|Any CPU = Debug|Any CPU
		Release|Any CPU = Release|Any CPU
	EndGlobalSection
	GlobalSection(ProjectConfigurationPlatforms) = postSolution
		{91EECC48-4608-43FA-B1B0-2B98224D8875}.Debug|Any CPU.ActiveCfg = Debug|Any CPU
		{91EECC48-4608-43FA-B1B0-2B98224D8875}.Debug|Any CPU.Build.0 = Debug|Any CPU
		{91EECC48-4608-43FA-B1B0-2B98224D8875}.Release|Any CPU.ActiveCfg = Release|Any CPU
		{91EECC48-4608-43FA-B1B0-2B98224D8875}.Release|Any CPU.Build.0 = Release|Any CPU
		{6DBF87AE-CD5D-40E1-96E5-5DF923823E5E}.Debug|Any CPU.ActiveCfg = Debug|Any CPU
		{6DBF87AE-CD5D-40E1-96E5-5DF923823E5E}.Debug|Any CPU.Build.0 = Debug|Any CPU
		{6DBF87AE-CD5D-40E1-96E5-5DF923823E5E}.Release|Any CPU.ActiveCfg = Release|Any CPU
		{6DBF87AE-CD5D-40E1-96E5-5DF923823E5E}.Release|Any CPU.Build.0 = Release|Any CPU
		{CB026487-FACC-407C-81BE-AE278356E571}.Debug|Any CPU.ActiveCfg = Debug|Any CPU
		{CB026487-FACC-407C-81BE-AE278356E571}.Debug|Any CPU.Build.0 = Debug|Any CPU
		{CB026487-FACC-407C-81BE-AE278356E571}.Release|Any CPU.ActiveCfg = Release|Any CPU
		{CB026487-FACC-407C-81BE-AE278356E571}.Release|Any CPU.Build.0 = Release|Any CPU
		{E71882CA-9955-419F-830E-77D859CCC890}.Debug|Any CPU.ActiveCfg = Debug|Any CPU
		{E71882CA-9955-419F-830E-77D859CCC890}.Debug|Any CPU.Build.0 = Debug|Any CPU
		{E71882CA-9955-419F-830E-77D859CCC890}.Release|Any CPU.ActiveCfg = Release|Any CPU
		{E71882CA-9955-419F-830E-77D859CCC890}.Release|Any CPU.Build.0 = Release|Any CPU
		{2637CF7F-4558-4C3A-B152-6EEBA29D7777}.Debug|Any CPU.ActiveCfg = Debug|Any CPU
		{2637CF7F-4558-4C3A-B152-6EEBA29D7777}.Debug|Any CPU.Build.0 = Debug|Any CPU
		{2637CF7F-4558-4C3A-B152-6EEBA29D7777}.Release|Any CPU.ActiveCfg = Release|Any CPU
		{2637CF7F-4558-4C3A-B152-6EEBA29D7777}.Release|Any CPU.Build.0 = Release|Any CPU
	EndGlobalSection
	GlobalSection(SolutionProperties) = preSolution
		HideSolutionNode = FALSE
	EndGlobalSection
	GlobalSection(ExtensibilityGlobals) = postSolution
		SolutionGuid = {A4205F45-D567-4C07-A908-08106B7476EC}
	EndGlobalSection
EndGlobal
